// !$*UTF8*$!
{
	archiveVersion = 1;
	classes = {
	};
	objectVersion = 56;
	objects = {

/* Begin PBXBuildFile section */
		AE1B16ED2AA5FB50006563F1 /* testApp.swift in Sources */ = {isa = PBXBuildFile; fileRef = AE1B16EC2AA5FB50006563F1 /* testApp.swift */; };
		AE1B16EF2AA5FB50006563F1 /* ContentView.swift in Sources */ = {isa = PBXBuildFile; fileRef = AE1B16EE2AA5FB50006563F1 /* ContentView.swift */; };
		AE1B16F12AA5FB51006563F1 /* Assets.xcassets in Resources */ = {isa = PBXBuildFile; fileRef = AE1B16F02AA5FB51006563F1 /* Assets.xcassets */; };
		AE1B16F42AA5FB51006563F1 /* Preview Assets.xcassets in Resources */ = {isa = PBXBuildFile; fileRef = AE1B16F32AA5FB51006563F1 /* Preview Assets.xcassets */; };
		AE1B16FE2AA5FB51006563F1 /* testTests.swift in Sources */ = {isa = PBXBuildFile; fileRef = AE1B16FD2AA5FB51006563F1 /* testTests.swift */; };
		AE1B17082AA5FB51006563F1 /* testUITests.swift in Sources */ = {isa = PBXBuildFile; fileRef = AE1B17072AA5FB51006563F1 /* testUITests.swift */; };
		AE1B170A2AA5FB51006563F1 /* testUITestsLaunchTests.swift in Sources */ = {isa = PBXBuildFile; fileRef = AE1B17092AA5FB51006563F1 /* testUITestsLaunchTests.swift */; };
		AE23CD5F2ACEE4360012F50C /* iPhoneNumberField in Frameworks */ = {isa = PBXBuildFile; productRef = AE23CD5E2ACEE4360012F50C /* iPhoneNumberField */; };
		AE23CD612ACEF81D0012F50C /* SelectLocationView.swift in Sources */ = {isa = PBXBuildFile; fileRef = AE23CD602ACEF81D0012F50C /* SelectLocationView.swift */; };
		AE30CCF22ADD701A007986EE /* AdsListView.swift in Sources */ = {isa = PBXBuildFile; fileRef = AE30CCF12ADD701A007986EE /* AdsListView.swift */; };
		AE30CCF42ADD760B007986EE /* EstimatedTimeView.swift in Sources */ = {isa = PBXBuildFile; fileRef = AE30CCF32ADD760B007986EE /* EstimatedTimeView.swift */; };
		AE33A0302AD2EE0A0063C924 /* ImagePicker.swift in Sources */ = {isa = PBXBuildFile; fileRef = AE33A02F2AD2EE0A0063C924 /* ImagePicker.swift */; };
		AE33A0322AD306790063C924 /* ImageUploadViewModel.swift in Sources */ = {isa = PBXBuildFile; fileRef = AE33A0312AD306790063C924 /* ImageUploadViewModel.swift */; };
		AE3D8AF72AD43A48008A6FB2 /* ImageCarouselView.swift in Sources */ = {isa = PBXBuildFile; fileRef = AE3D8AF62AD43A48008A6FB2 /* ImageCarouselView.swift */; };
		AE44433F2AD2B0260073C6A1 /* MapUtils.swift in Sources */ = {isa = PBXBuildFile; fileRef = AE44433E2AD2B0260073C6A1 /* MapUtils.swift */; };
		AE4443422AD2EAB60073C6A1 /* AddImagesView.swift in Sources */ = {isa = PBXBuildFile; fileRef = AE4443412AD2EAB60073C6A1 /* AddImagesView.swift */; };
		AE5CC43A2AD5A773005158DB /* FullscreenImageView.swift in Sources */ = {isa = PBXBuildFile; fileRef = AE5CC4392AD5A773005158DB /* FullscreenImageView.swift */; };
		AE5CC43C2AD5CA7A005158DB /* DetailMapView.swift in Sources */ = {isa = PBXBuildFile; fileRef = AE5CC43B2AD5CA7A005158DB /* DetailMapView.swift */; };
		AE7474692AB84A8C00845729 /* LoginView.swift in Sources */ = {isa = PBXBuildFile; fileRef = AE7474682AB84A8C00845729 /* LoginView.swift */; };
		AE7474712AB879DE00845729 /* InputView.swift in Sources */ = {isa = PBXBuildFile; fileRef = AE7474702AB879DE00845729 /* InputView.swift */; };
		AE7474732AB8AB1500845729 /* RegisterView.swift in Sources */ = {isa = PBXBuildFile; fileRef = AE7474722AB8AB1500845729 /* RegisterView.swift */; };
		AE7474762AB9B53500845729 /* User.swift in Sources */ = {isa = PBXBuildFile; fileRef = AE7474752AB9B53500845729 /* User.swift */; };
		AE7474782AB9BB1600845729 /* GoogleService-Info.plist in Resources */ = {isa = PBXBuildFile; fileRef = AE7474772AB9BB1600845729 /* GoogleService-Info.plist */; };
		AE74747B2AB9C32A00845729 /* FirebaseAnalyticsWithoutAdIdSupport in Frameworks */ = {isa = PBXBuildFile; productRef = AE74747A2AB9C32A00845729 /* FirebaseAnalyticsWithoutAdIdSupport */; };
		AE74747D2AB9C32A00845729 /* FirebaseAuth in Frameworks */ = {isa = PBXBuildFile; productRef = AE74747C2AB9C32A00845729 /* FirebaseAuth */; };
		AE74747F2AB9C32A00845729 /* FirebaseFirestore in Frameworks */ = {isa = PBXBuildFile; productRef = AE74747E2AB9C32A00845729 /* FirebaseFirestore */; };
		AE7474812AB9C32A00845729 /* FirebaseFirestoreSwift in Frameworks */ = {isa = PBXBuildFile; productRef = AE7474802AB9C32A00845729 /* FirebaseFirestoreSwift */; };
		AE7474852AB9C3A600845729 /* AuthViewModel.swift in Sources */ = {isa = PBXBuildFile; fileRef = AE7474842AB9C3A600845729 /* AuthViewModel.swift */; };
		AE8FB5222ACB243E002F607A /* MultiAdvertViewModel.swift in Sources */ = {isa = PBXBuildFile; fileRef = AE8FB5212ACB243E002F607A /* MultiAdvertViewModel.swift */; };
		AE93B55A2ACD829D00684710 /* SingleAdvertViewModel.swift in Sources */ = {isa = PBXBuildFile; fileRef = AE93B5592ACD829D00684710 /* SingleAdvertViewModel.swift */; };
		AEBEBEC22ABACCA8005EAC71 /* MapViewModel.swift in Sources */ = {isa = PBXBuildFile; fileRef = AEBEBEC12ABACCA8005EAC71 /* MapViewModel.swift */; };
		AEBEBEC52ABAD031005EAC71 /* MapView.swift in Sources */ = {isa = PBXBuildFile; fileRef = AEBEBEC42ABAD031005EAC71 /* MapView.swift */; };
		AECA4F382AC86666005E9E4A /* AdDetailsView.swift in Sources */ = {isa = PBXBuildFile; fileRef = AECA4F372AC86666005E9E4A /* AdDetailsView.swift */; };
		AECA4F3A2AC86711005E9E4A /* CreateAdView.swift in Sources */ = {isa = PBXBuildFile; fileRef = AECA4F392AC86711005E9E4A /* CreateAdView.swift */; };
		AED3E6062ABE01BA00E9AA3E /* HomeView.swift in Sources */ = {isa = PBXBuildFile; fileRef = AED3E6052ABE01BA00E9AA3E /* HomeView.swift */; };
		AED3E6092ABF24FE00E9AA3E /* DetailSheetView.swift in Sources */ = {isa = PBXBuildFile; fileRef = AED3E6082ABF24FE00E9AA3E /* DetailSheetView.swift */; };
		AED3E60B2AC06A9F00E9AA3E /* MyAdsView.swift in Sources */ = {isa = PBXBuildFile; fileRef = AED3E60A2AC06A9F00E9AA3E /* MyAdsView.swift */; };
		AED3E60E2AC06DBC00E9AA3E /* Advert.swift in Sources */ = {isa = PBXBuildFile; fileRef = AED3E60D2AC06DBC00E9AA3E /* Advert.swift */; };
		AEE017152ABCD34C003A9924 /* BottomNavTabComponent.swift in Sources */ = {isa = PBXBuildFile; fileRef = AEE017142ABCD34C003A9924 /* BottomNavTabComponent.swift */; };
/* End PBXBuildFile section */

/* Begin PBXContainerItemProxy section */
		AE1B16FA2AA5FB51006563F1 /* PBXContainerItemProxy */ = {
			isa = PBXContainerItemProxy;
			containerPortal = AE1B16E12AA5FB50006563F1 /* Project object */;
			proxyType = 1;
			remoteGlobalIDString = AE1B16E82AA5FB50006563F1;
			remoteInfo = test;
		};
		AE1B17042AA5FB51006563F1 /* PBXContainerItemProxy */ = {
			isa = PBXContainerItemProxy;
			containerPortal = AE1B16E12AA5FB50006563F1 /* Project object */;
			proxyType = 1;
			remoteGlobalIDString = AE1B16E82AA5FB50006563F1;
			remoteInfo = test;
		};
/* End PBXContainerItemProxy section */

/* Begin PBXFileReference section */
		AE1B16E92AA5FB50006563F1 /* test.app */ = {isa = PBXFileReference; explicitFileType = wrapper.application; includeInIndex = 0; path = test.app; sourceTree = BUILT_PRODUCTS_DIR; };
		AE1B16EC2AA5FB50006563F1 /* testApp.swift */ = {isa = PBXFileReference; lastKnownFileType = sourcecode.swift; path = testApp.swift; sourceTree = "<group>"; };
		AE1B16EE2AA5FB50006563F1 /* ContentView.swift */ = {isa = PBXFileReference; lastKnownFileType = sourcecode.swift; path = ContentView.swift; sourceTree = "<group>"; };
		AE1B16F02AA5FB51006563F1 /* Assets.xcassets */ = {isa = PBXFileReference; lastKnownFileType = folder.assetcatalog; path = Assets.xcassets; sourceTree = "<group>"; };
		AE1B16F32AA5FB51006563F1 /* Preview Assets.xcassets */ = {isa = PBXFileReference; lastKnownFileType = folder.assetcatalog; path = "Preview Assets.xcassets"; sourceTree = "<group>"; };
		AE1B16F92AA5FB51006563F1 /* testTests.xctest */ = {isa = PBXFileReference; explicitFileType = wrapper.cfbundle; includeInIndex = 0; path = testTests.xctest; sourceTree = BUILT_PRODUCTS_DIR; };
		AE1B16FD2AA5FB51006563F1 /* testTests.swift */ = {isa = PBXFileReference; lastKnownFileType = sourcecode.swift; path = testTests.swift; sourceTree = "<group>"; };
		AE1B17032AA5FB51006563F1 /* testUITests.xctest */ = {isa = PBXFileReference; explicitFileType = wrapper.cfbundle; includeInIndex = 0; path = testUITests.xctest; sourceTree = BUILT_PRODUCTS_DIR; };
		AE1B17072AA5FB51006563F1 /* testUITests.swift */ = {isa = PBXFileReference; lastKnownFileType = sourcecode.swift; path = testUITests.swift; sourceTree = "<group>"; };
		AE1B17092AA5FB51006563F1 /* testUITestsLaunchTests.swift */ = {isa = PBXFileReference; lastKnownFileType = sourcecode.swift; path = testUITestsLaunchTests.swift; sourceTree = "<group>"; };
		AE23CD602ACEF81D0012F50C /* SelectLocationView.swift */ = {isa = PBXFileReference; lastKnownFileType = sourcecode.swift; path = SelectLocationView.swift; sourceTree = "<group>"; };
		AE30CCF12ADD701A007986EE /* AdsListView.swift */ = {isa = PBXFileReference; lastKnownFileType = sourcecode.swift; path = AdsListView.swift; sourceTree = "<group>"; };
		AE30CCF32ADD760B007986EE /* EstimatedTimeView.swift */ = {isa = PBXFileReference; lastKnownFileType = sourcecode.swift; path = EstimatedTimeView.swift; sourceTree = "<group>"; };
		AE33A02F2AD2EE0A0063C924 /* ImagePicker.swift */ = {isa = PBXFileReference; lastKnownFileType = sourcecode.swift; path = ImagePicker.swift; sourceTree = "<group>"; };
		AE33A0312AD306790063C924 /* ImageUploadViewModel.swift */ = {isa = PBXFileReference; lastKnownFileType = sourcecode.swift; path = ImageUploadViewModel.swift; sourceTree = "<group>"; };
		AE3D8AF62AD43A48008A6FB2 /* ImageCarouselView.swift */ = {isa = PBXFileReference; lastKnownFileType = sourcecode.swift; path = ImageCarouselView.swift; sourceTree = "<group>"; };
		AE44433E2AD2B0260073C6A1 /* MapUtils.swift */ = {isa = PBXFileReference; lastKnownFileType = sourcecode.swift; path = MapUtils.swift; sourceTree = "<group>"; };
		AE4443412AD2EAB60073C6A1 /* AddImagesView.swift */ = {isa = PBXFileReference; lastKnownFileType = sourcecode.swift; path = AddImagesView.swift; sourceTree = "<group>"; };
		AE5CC4392AD5A773005158DB /* FullscreenImageView.swift */ = {isa = PBXFileReference; lastKnownFileType = sourcecode.swift; path = FullscreenImageView.swift; sourceTree = "<group>"; };
		AE5CC43B2AD5CA7A005158DB /* DetailMapView.swift */ = {isa = PBXFileReference; lastKnownFileType = sourcecode.swift; path = DetailMapView.swift; sourceTree = "<group>"; };
		AE7474682AB84A8C00845729 /* LoginView.swift */ = {isa = PBXFileReference; lastKnownFileType = sourcecode.swift; path = LoginView.swift; sourceTree = "<group>"; };
		AE7474702AB879DE00845729 /* InputView.swift */ = {isa = PBXFileReference; lastKnownFileType = sourcecode.swift; path = InputView.swift; sourceTree = "<group>"; };
		AE7474722AB8AB1500845729 /* RegisterView.swift */ = {isa = PBXFileReference; lastKnownFileType = sourcecode.swift; path = RegisterView.swift; sourceTree = "<group>"; };
		AE7474752AB9B53500845729 /* User.swift */ = {isa = PBXFileReference; lastKnownFileType = sourcecode.swift; path = User.swift; sourceTree = "<group>"; };
		AE7474772AB9BB1600845729 /* GoogleService-Info.plist */ = {isa = PBXFileReference; fileEncoding = 4; lastKnownFileType = text.plist.xml; path = "GoogleService-Info.plist"; sourceTree = "<group>"; };
		AE7474842AB9C3A600845729 /* AuthViewModel.swift */ = {isa = PBXFileReference; lastKnownFileType = sourcecode.swift; path = AuthViewModel.swift; sourceTree = "<group>"; };
		AE8FB5212ACB243E002F607A /* MultiAdvertViewModel.swift */ = {isa = PBXFileReference; lastKnownFileType = sourcecode.swift; path = MultiAdvertViewModel.swift; sourceTree = "<group>"; };
		AE93B5592ACD829D00684710 /* SingleAdvertViewModel.swift */ = {isa = PBXFileReference; lastKnownFileType = sourcecode.swift; path = SingleAdvertViewModel.swift; sourceTree = "<group>"; };
		AEBEBEC12ABACCA8005EAC71 /* MapViewModel.swift */ = {isa = PBXFileReference; lastKnownFileType = sourcecode.swift; path = MapViewModel.swift; sourceTree = "<group>"; };
		AEBEBEC32ABACEA8005EAC71 /* Info.plist */ = {isa = PBXFileReference; lastKnownFileType = text.plist; path = Info.plist; sourceTree = "<group>"; };
		AEBEBEC42ABAD031005EAC71 /* MapView.swift */ = {isa = PBXFileReference; lastKnownFileType = sourcecode.swift; path = MapView.swift; sourceTree = "<group>"; };
		AECA4F372AC86666005E9E4A /* AdDetailsView.swift */ = {isa = PBXFileReference; lastKnownFileType = sourcecode.swift; path = AdDetailsView.swift; sourceTree = "<group>"; };
		AECA4F392AC86711005E9E4A /* CreateAdView.swift */ = {isa = PBXFileReference; lastKnownFileType = sourcecode.swift; path = CreateAdView.swift; sourceTree = "<group>"; };
		AED3E6052ABE01BA00E9AA3E /* HomeView.swift */ = {isa = PBXFileReference; lastKnownFileType = sourcecode.swift; path = HomeView.swift; sourceTree = "<group>"; };
		AED3E6082ABF24FE00E9AA3E /* DetailSheetView.swift */ = {isa = PBXFileReference; lastKnownFileType = sourcecode.swift; path = DetailSheetView.swift; sourceTree = "<group>"; };
		AED3E60A2AC06A9F00E9AA3E /* MyAdsView.swift */ = {isa = PBXFileReference; lastKnownFileType = sourcecode.swift; path = MyAdsView.swift; sourceTree = "<group>"; };
		AED3E60D2AC06DBC00E9AA3E /* Advert.swift */ = {isa = PBXFileReference; lastKnownFileType = sourcecode.swift; path = Advert.swift; sourceTree = "<group>"; };
		AEE017142ABCD34C003A9924 /* BottomNavTabComponent.swift */ = {isa = PBXFileReference; lastKnownFileType = sourcecode.swift; path = BottomNavTabComponent.swift; sourceTree = "<group>"; };
/* End PBXFileReference section */

/* Begin PBXFrameworksBuildPhase section */
		AE1B16E62AA5FB50006563F1 /* Frameworks */ = {
			isa = PBXFrameworksBuildPhase;
			buildActionMask = 2147483647;
			files = (
				AE74747B2AB9C32A00845729 /* FirebaseAnalyticsWithoutAdIdSupport in Frameworks */,
				AE74747D2AB9C32A00845729 /* FirebaseAuth in Frameworks */,
				AE74747F2AB9C32A00845729 /* FirebaseFirestore in Frameworks */,
				AE23CD5F2ACEE4360012F50C /* iPhoneNumberField in Frameworks */,
				AE7474812AB9C32A00845729 /* FirebaseFirestoreSwift in Frameworks */,
			);
			runOnlyForDeploymentPostprocessing = 0;
		};
		AE1B16F62AA5FB51006563F1 /* Frameworks */ = {
			isa = PBXFrameworksBuildPhase;
			buildActionMask = 2147483647;
			files = (
			);
			runOnlyForDeploymentPostprocessing = 0;
		};
		AE1B17002AA5FB51006563F1 /* Frameworks */ = {
			isa = PBXFrameworksBuildPhase;
			buildActionMask = 2147483647;
			files = (
			);
			runOnlyForDeploymentPostprocessing = 0;
		};
/* End PBXFrameworksBuildPhase section */

/* Begin PBXGroup section */
		AE1B16E02AA5FB50006563F1 = {
			isa = PBXGroup;
			children = (
				AE7474772AB9BB1600845729 /* GoogleService-Info.plist */,
				AE1B16EB2AA5FB50006563F1 /* test */,
				AE1B16FC2AA5FB51006563F1 /* testTests */,
				AE1B17062AA5FB51006563F1 /* testUITests */,
				AE1B16EA2AA5FB50006563F1 /* Products */,
			);
			sourceTree = "<group>";
		};
		AE1B16EA2AA5FB50006563F1 /* Products */ = {
			isa = PBXGroup;
			children = (
				AE1B16E92AA5FB50006563F1 /* test.app */,
				AE1B16F92AA5FB51006563F1 /* testTests.xctest */,
				AE1B17032AA5FB51006563F1 /* testUITests.xctest */,
			);
			name = Products;
			sourceTree = "<group>";
		};
		AE1B16EB2AA5FB50006563F1 /* test */ = {
			isa = PBXGroup;
			children = (
				AE4443402AD2EA580073C6A1 /* Utils */,
				AEBEBEC32ABACEA8005EAC71 /* Info.plist */,
				AEBEBEC02ABACC8F005EAC71 /* ViewModels */,
				AE7474742AB9B51000845729 /* Models */,
				AE74746C2AB8787700845729 /* Core */,
				AE74746B2AB8786700845729 /* Components */,
				AE74746A2AB8786100845729 /* App */,
				AE1B16EC2AA5FB50006563F1 /* testApp.swift */,
				AE1B16F02AA5FB51006563F1 /* Assets.xcassets */,
				AE1B16F22AA5FB51006563F1 /* Preview Content */,
			);
			path = test;
			sourceTree = "<group>";
		};
		AE1B16F22AA5FB51006563F1 /* Preview Content */ = {
			isa = PBXGroup;
			children = (
				AE1B16F32AA5FB51006563F1 /* Preview Assets.xcassets */,
			);
			path = "Preview Content";
			sourceTree = "<group>";
		};
		AE1B16FC2AA5FB51006563F1 /* testTests */ = {
			isa = PBXGroup;
			children = (
				AE1B16FD2AA5FB51006563F1 /* testTests.swift */,
			);
			path = testTests;
			sourceTree = "<group>";
		};
		AE1B17062AA5FB51006563F1 /* testUITests */ = {
			isa = PBXGroup;
			children = (
				AE1B17072AA5FB51006563F1 /* testUITests.swift */,
				AE1B17092AA5FB51006563F1 /* testUITestsLaunchTests.swift */,
			);
			path = testUITests;
			sourceTree = "<group>";
		};
		AE30CCF02ADD6FEB007986EE /* AdsList */ = {
			isa = PBXGroup;
			children = (
				AE30CCF12ADD701A007986EE /* AdsListView.swift */,
			);
			path = AdsList;
			sourceTree = "<group>";
		};
		AE4443402AD2EA580073C6A1 /* Utils */ = {
			isa = PBXGroup;
			children = (
				AE44433E2AD2B0260073C6A1 /* MapUtils.swift */,
			);
			path = Utils;
			sourceTree = "<group>";
		};
		AE74746A2AB8786100845729 /* App */ = {
			isa = PBXGroup;
			children = (
			);
			path = App;
			sourceTree = "<group>";
		};
		AE74746B2AB8786700845729 /* Components */ = {
			isa = PBXGroup;
			children = (
				AE7474702AB879DE00845729 /* InputView.swift */,
				AEE017142ABCD34C003A9924 /* BottomNavTabComponent.swift */,
				AED3E6082ABF24FE00E9AA3E /* DetailSheetView.swift */,
				AE33A02F2AD2EE0A0063C924 /* ImagePicker.swift */,
				AE3D8AF62AD43A48008A6FB2 /* ImageCarouselView.swift */,
				AE5CC4392AD5A773005158DB /* FullscreenImageView.swift */,
				AE30CCF32ADD760B007986EE /* EstimatedTimeView.swift */,
			);
			path = Components;
			sourceTree = "<group>";
		};
		AE74746C2AB8787700845729 /* Core */ = {
			isa = PBXGroup;
			children = (
				AE30CCF02ADD6FEB007986EE /* AdsList */,
				AECA4F342AC86641005E9E4A /* AdDetails */,
				AED3E60C2AC06C2D00E9AA3E /* MyAds */,
				AED3E6042ABE01A800E9AA3E /* Home */,
				AEBEBEBF2ABACC89005EAC71 /* Map */,
				AE74746F2AB878C600845729 /* Profile */,
				AE74746E2AB878BF00845729 /* Auth */,
				AE74746D2AB8789400845729 /* Root */,
			);
			path = Core;
			sourceTree = "<group>";
		};
		AE74746D2AB8789400845729 /* Root */ = {
			isa = PBXGroup;
			children = (
				AE1B16EE2AA5FB50006563F1 /* ContentView.swift */,
			);
			path = Root;
			sourceTree = "<group>";
		};
		AE74746E2AB878BF00845729 /* Auth */ = {
			isa = PBXGroup;
			children = (
				AE7474832AB9C39800845729 /* ViewModel */,
				AE7474822AB9C38F00845729 /* Views */,
			);
			path = Auth;
			sourceTree = "<group>";
		};
		AE74746F2AB878C600845729 /* Profile */ = {
			isa = PBXGroup;
			children = (
			);
			path = Profile;
			sourceTree = "<group>";
		};
		AE7474742AB9B51000845729 /* Models */ = {
			isa = PBXGroup;
			children = (
				AE7474752AB9B53500845729 /* User.swift */,
				AED3E60D2AC06DBC00E9AA3E /* Advert.swift */,
			);
			path = Models;
			sourceTree = "<group>";
		};
		AE7474822AB9C38F00845729 /* Views */ = {
			isa = PBXGroup;
			children = (
				AE7474682AB84A8C00845729 /* LoginView.swift */,
				AE7474722AB8AB1500845729 /* RegisterView.swift */,
			);
			path = Views;
			sourceTree = "<group>";
		};
		AE7474832AB9C39800845729 /* ViewModel */ = {
			isa = PBXGroup;
			children = (
				AE7474842AB9C3A600845729 /* AuthViewModel.swift */,
			);
			path = ViewModel;
			sourceTree = "<group>";
		};
		AEBEBEBF2ABACC89005EAC71 /* Map */ = {
			isa = PBXGroup;
			children = (
				AEBEBEC42ABAD031005EAC71 /* MapView.swift */,
				AE23CD602ACEF81D0012F50C /* SelectLocationView.swift */,
				AE5CC43B2AD5CA7A005158DB /* DetailMapView.swift */,
			);
			path = Map;
			sourceTree = "<group>";
		};
		AEBEBEC02ABACC8F005EAC71 /* ViewModels */ = {
			isa = PBXGroup;
			children = (
				AEBEBEC12ABACCA8005EAC71 /* MapViewModel.swift */,
				AE8FB5212ACB243E002F607A /* MultiAdvertViewModel.swift */,
				AE93B5592ACD829D00684710 /* SingleAdvertViewModel.swift */,
				AE33A0312AD306790063C924 /* ImageUploadViewModel.swift */,
			);
			path = ViewModels;
			sourceTree = "<group>";
		};
		AECA4F342AC86641005E9E4A /* AdDetails */ = {
			isa = PBXGroup;
			children = (
				AECA4F372AC86666005E9E4A /* AdDetailsView.swift */,
			);
			path = AdDetails;
			sourceTree = "<group>";
		};
		AED3E6042ABE01A800E9AA3E /* Home */ = {
			isa = PBXGroup;
			children = (
				AED3E6052ABE01BA00E9AA3E /* HomeView.swift */,
			);
			path = Home;
			sourceTree = "<group>";
		};
		AED3E60C2AC06C2D00E9AA3E /* MyAds */ = {
			isa = PBXGroup;
			children = (
				AED3E60A2AC06A9F00E9AA3E /* MyAdsView.swift */,
				AECA4F392AC86711005E9E4A /* CreateAdView.swift */,
				AE4443412AD2EAB60073C6A1 /* AddImagesView.swift */,
			);
			path = MyAds;
			sourceTree = "<group>";
		};
/* End PBXGroup section */

/* Begin PBXNativeTarget section */
		AE1B16E82AA5FB50006563F1 /* test */ = {
			isa = PBXNativeTarget;
			buildConfigurationList = AE1B170D2AA5FB51006563F1 /* Build configuration list for PBXNativeTarget "test" */;
			buildPhases = (
				AE1B16E52AA5FB50006563F1 /* Sources */,
				AE1B16E62AA5FB50006563F1 /* Frameworks */,
				AE1B16E72AA5FB50006563F1 /* Resources */,
			);
			buildRules = (
			);
			dependencies = (
			);
			name = test;
			packageProductDependencies = (
				AE74747A2AB9C32A00845729 /* FirebaseAnalyticsWithoutAdIdSupport */,
				AE74747C2AB9C32A00845729 /* FirebaseAuth */,
				AE74747E2AB9C32A00845729 /* FirebaseFirestore */,
				AE7474802AB9C32A00845729 /* FirebaseFirestoreSwift */,
				AE23CD5E2ACEE4360012F50C /* iPhoneNumberField */,
			);
			productName = test;
			productReference = AE1B16E92AA5FB50006563F1 /* test.app */;
			productType = "com.apple.product-type.application";
		};
		AE1B16F82AA5FB51006563F1 /* testTests */ = {
			isa = PBXNativeTarget;
			buildConfigurationList = AE1B17102AA5FB51006563F1 /* Build configuration list for PBXNativeTarget "testTests" */;
			buildPhases = (
				AE1B16F52AA5FB51006563F1 /* Sources */,
				AE1B16F62AA5FB51006563F1 /* Frameworks */,
				AE1B16F72AA5FB51006563F1 /* Resources */,
			);
			buildRules = (
			);
			dependencies = (
				AE1B16FB2AA5FB51006563F1 /* PBXTargetDependency */,
			);
			name = testTests;
			productName = testTests;
			productReference = AE1B16F92AA5FB51006563F1 /* testTests.xctest */;
			productType = "com.apple.product-type.bundle.unit-test";
		};
		AE1B17022AA5FB51006563F1 /* testUITests */ = {
			isa = PBXNativeTarget;
			buildConfigurationList = AE1B17132AA5FB51006563F1 /* Build configuration list for PBXNativeTarget "testUITests" */;
			buildPhases = (
				AE1B16FF2AA5FB51006563F1 /* Sources */,
				AE1B17002AA5FB51006563F1 /* Frameworks */,
				AE1B17012AA5FB51006563F1 /* Resources */,
			);
			buildRules = (
			);
			dependencies = (
				AE1B17052AA5FB51006563F1 /* PBXTargetDependency */,
			);
			name = testUITests;
			productName = testUITests;
			productReference = AE1B17032AA5FB51006563F1 /* testUITests.xctest */;
			productType = "com.apple.product-type.bundle.ui-testing";
		};
/* End PBXNativeTarget section */

/* Begin PBXProject section */
		AE1B16E12AA5FB50006563F1 /* Project object */ = {
			isa = PBXProject;
			attributes = {
				BuildIndependentTargetsInParallel = 1;
				LastSwiftUpdateCheck = 1430;
				LastUpgradeCheck = 1430;
				TargetAttributes = {
					AE1B16E82AA5FB50006563F1 = {
						CreatedOnToolsVersion = 14.3.1;
					};
					AE1B16F82AA5FB51006563F1 = {
						CreatedOnToolsVersion = 14.3.1;
						TestTargetID = AE1B16E82AA5FB50006563F1;
					};
					AE1B17022AA5FB51006563F1 = {
						CreatedOnToolsVersion = 14.3.1;
						TestTargetID = AE1B16E82AA5FB50006563F1;
					};
				};
			};
			buildConfigurationList = AE1B16E42AA5FB50006563F1 /* Build configuration list for PBXProject "test" */;
			compatibilityVersion = "Xcode 14.0";
			developmentRegion = en;
			hasScannedForEncodings = 0;
			knownRegions = (
				en,
				Base,
			);
			mainGroup = AE1B16E02AA5FB50006563F1;
			packageReferences = (
				AE7474792AB9C32A00845729 /* XCRemoteSwiftPackageReference "firebase-ios-sdk" */,
				AE23CD5D2ACEE4360012F50C /* XCRemoteSwiftPackageReference "iPhoneNumberField" */,
			);
			productRefGroup = AE1B16EA2AA5FB50006563F1 /* Products */;
			projectDirPath = "";
			projectRoot = "";
			targets = (
				AE1B16E82AA5FB50006563F1 /* test */,
				AE1B16F82AA5FB51006563F1 /* testTests */,
				AE1B17022AA5FB51006563F1 /* testUITests */,
			);
		};
/* End PBXProject section */

/* Begin PBXResourcesBuildPhase section */
		AE1B16E72AA5FB50006563F1 /* Resources */ = {
			isa = PBXResourcesBuildPhase;
			buildActionMask = 2147483647;
			files = (
				AE1B16F42AA5FB51006563F1 /* Preview Assets.xcassets in Resources */,
				AE1B16F12AA5FB51006563F1 /* Assets.xcassets in Resources */,
				AE7474782AB9BB1600845729 /* GoogleService-Info.plist in Resources */,
			);
			runOnlyForDeploymentPostprocessing = 0;
		};
		AE1B16F72AA5FB51006563F1 /* Resources */ = {
			isa = PBXResourcesBuildPhase;
			buildActionMask = 2147483647;
			files = (
			);
			runOnlyForDeploymentPostprocessing = 0;
		};
		AE1B17012AA5FB51006563F1 /* Resources */ = {
			isa = PBXResourcesBuildPhase;
			buildActionMask = 2147483647;
			files = (
			);
			runOnlyForDeploymentPostprocessing = 0;
		};
/* End PBXResourcesBuildPhase section */

/* Begin PBXSourcesBuildPhase section */
		AE1B16E52AA5FB50006563F1 /* Sources */ = {
			isa = PBXSourcesBuildPhase;
			buildActionMask = 2147483647;
			files = (
				AE30CCF42ADD760B007986EE /* EstimatedTimeView.swift in Sources */,
				AE93B55A2ACD829D00684710 /* SingleAdvertViewModel.swift in Sources */,
				AED3E6062ABE01BA00E9AA3E /* HomeView.swift in Sources */,
				AECA4F3A2AC86711005E9E4A /* CreateAdView.swift in Sources */,
				AE23CD612ACEF81D0012F50C /* SelectLocationView.swift in Sources */,
				AE5CC43C2AD5CA7A005158DB /* DetailMapView.swift in Sources */,
				AE1B16EF2AA5FB50006563F1 /* ContentView.swift in Sources */,
				AE7474732AB8AB1500845729 /* RegisterView.swift in Sources */,
				AE3D8AF72AD43A48008A6FB2 /* ImageCarouselView.swift in Sources */,
				AE7474762AB9B53500845729 /* User.swift in Sources */,
				AE33A0302AD2EE0A0063C924 /* ImagePicker.swift in Sources */,
				AE7474852AB9C3A600845729 /* AuthViewModel.swift in Sources */,
				AE44433F2AD2B0260073C6A1 /* MapUtils.swift in Sources */,
				AE8FB5222ACB243E002F607A /* MultiAdvertViewModel.swift in Sources */,
				AED3E60B2AC06A9F00E9AA3E /* MyAdsView.swift in Sources */,
				AE7474712AB879DE00845729 /* InputView.swift in Sources */,
				AE4443422AD2EAB60073C6A1 /* AddImagesView.swift in Sources */,
				AED3E60E2AC06DBC00E9AA3E /* Advert.swift in Sources */,
				AE1B16ED2AA5FB50006563F1 /* testApp.swift in Sources */,
				AECA4F382AC86666005E9E4A /* AdDetailsView.swift in Sources */,
				AE30CCF22ADD701A007986EE /* AdsListView.swift in Sources */,
				AED3E6092ABF24FE00E9AA3E /* DetailSheetView.swift in Sources */,
				AE7474692AB84A8C00845729 /* LoginView.swift in Sources */,
				AE5CC43A2AD5A773005158DB /* FullscreenImageView.swift in Sources */,
				AEE017152ABCD34C003A9924 /* BottomNavTabComponent.swift in Sources */,
				AEBEBEC52ABAD031005EAC71 /* MapView.swift in Sources */,
				AE33A0322AD306790063C924 /* ImageUploadViewModel.swift in Sources */,
				AEBEBEC22ABACCA8005EAC71 /* MapViewModel.swift in Sources */,
			);
			runOnlyForDeploymentPostprocessing = 0;
		};
		AE1B16F52AA5FB51006563F1 /* Sources */ = {
			isa = PBXSourcesBuildPhase;
			buildActionMask = 2147483647;
			files = (
				AE1B16FE2AA5FB51006563F1 /* testTests.swift in Sources */,
			);
			runOnlyForDeploymentPostprocessing = 0;
		};
		AE1B16FF2AA5FB51006563F1 /* Sources */ = {
			isa = PBXSourcesBuildPhase;
			buildActionMask = 2147483647;
			files = (
				AE1B170A2AA5FB51006563F1 /* testUITestsLaunchTests.swift in Sources */,
				AE1B17082AA5FB51006563F1 /* testUITests.swift in Sources */,
			);
			runOnlyForDeploymentPostprocessing = 0;
		};
/* End PBXSourcesBuildPhase section */

/* Begin PBXTargetDependency section */
		AE1B16FB2AA5FB51006563F1 /* PBXTargetDependency */ = {
			isa = PBXTargetDependency;
			target = AE1B16E82AA5FB50006563F1 /* test */;
			targetProxy = AE1B16FA2AA5FB51006563F1 /* PBXContainerItemProxy */;
		};
		AE1B17052AA5FB51006563F1 /* PBXTargetDependency */ = {
			isa = PBXTargetDependency;
			target = AE1B16E82AA5FB50006563F1 /* test */;
			targetProxy = AE1B17042AA5FB51006563F1 /* PBXContainerItemProxy */;
		};
/* End PBXTargetDependency section */

/* Begin XCBuildConfiguration section */
		AE1B170B2AA5FB51006563F1 /* Debug */ = {
			isa = XCBuildConfiguration;
			buildSettings = {
				ALWAYS_SEARCH_USER_PATHS = NO;
				CLANG_ANALYZER_NONNULL = YES;
				CLANG_ANALYZER_NUMBER_OBJECT_CONVERSION = YES_AGGRESSIVE;
				CLANG_CXX_LANGUAGE_STANDARD = "gnu++20";
				CLANG_ENABLE_MODULES = YES;
				CLANG_ENABLE_OBJC_ARC = YES;
				CLANG_ENABLE_OBJC_WEAK = YES;
				CLANG_WARN_BLOCK_CAPTURE_AUTORELEASING = YES;
				CLANG_WARN_BOOL_CONVERSION = YES;
				CLANG_WARN_COMMA = YES;
				CLANG_WARN_CONSTANT_CONVERSION = YES;
				CLANG_WARN_DEPRECATED_OBJC_IMPLEMENTATIONS = YES;
				CLANG_WARN_DIRECT_OBJC_ISA_USAGE = YES_ERROR;
				CLANG_WARN_DOCUMENTATION_COMMENTS = YES;
				CLANG_WARN_EMPTY_BODY = YES;
				CLANG_WARN_ENUM_CONVERSION = YES;
				CLANG_WARN_INFINITE_RECURSION = YES;
				CLANG_WARN_INT_CONVERSION = YES;
				CLANG_WARN_NON_LITERAL_NULL_CONVERSION = YES;
				CLANG_WARN_OBJC_IMPLICIT_RETAIN_SELF = YES;
				CLANG_WARN_OBJC_LITERAL_CONVERSION = YES;
				CLANG_WARN_OBJC_ROOT_CLASS = YES_ERROR;
				CLANG_WARN_QUOTED_INCLUDE_IN_FRAMEWORK_HEADER = YES;
				CLANG_WARN_RANGE_LOOP_ANALYSIS = YES;
				CLANG_WARN_STRICT_PROTOTYPES = YES;
				CLANG_WARN_SUSPICIOUS_MOVE = YES;
				CLANG_WARN_UNGUARDED_AVAILABILITY = YES_AGGRESSIVE;
				CLANG_WARN_UNREACHABLE_CODE = YES;
				CLANG_WARN__DUPLICATE_METHOD_MATCH = YES;
				COPY_PHASE_STRIP = NO;
				DEBUG_INFORMATION_FORMAT = dwarf;
				ENABLE_STRICT_OBJC_MSGSEND = YES;
				ENABLE_TESTABILITY = YES;
				GCC_C_LANGUAGE_STANDARD = gnu11;
				GCC_DYNAMIC_NO_PIC = NO;
				GCC_NO_COMMON_BLOCKS = YES;
				GCC_OPTIMIZATION_LEVEL = 0;
				GCC_PREPROCESSOR_DEFINITIONS = (
					"DEBUG=1",
					"$(inherited)",
				);
				GCC_WARN_64_TO_32_BIT_CONVERSION = YES;
				GCC_WARN_ABOUT_RETURN_TYPE = YES_ERROR;
				GCC_WARN_UNDECLARED_SELECTOR = YES;
				GCC_WARN_UNINITIALIZED_AUTOS = YES_AGGRESSIVE;
				GCC_WARN_UNUSED_FUNCTION = YES;
				GCC_WARN_UNUSED_VARIABLE = YES;
				IPHONEOS_DEPLOYMENT_TARGET = 16.4;
				MTL_ENABLE_DEBUG_INFO = INCLUDE_SOURCE;
				MTL_FAST_MATH = YES;
				ONLY_ACTIVE_ARCH = YES;
				SDKROOT = iphoneos;
				SWIFT_ACTIVE_COMPILATION_CONDITIONS = DEBUG;
				SWIFT_OPTIMIZATION_LEVEL = "-Onone";
			};
			name = Debug;
		};
		AE1B170C2AA5FB51006563F1 /* Release */ = {
			isa = XCBuildConfiguration;
			buildSettings = {
				ALWAYS_SEARCH_USER_PATHS = NO;
				CLANG_ANALYZER_NONNULL = YES;
				CLANG_ANALYZER_NUMBER_OBJECT_CONVERSION = YES_AGGRESSIVE;
				CLANG_CXX_LANGUAGE_STANDARD = "gnu++20";
				CLANG_ENABLE_MODULES = YES;
				CLANG_ENABLE_OBJC_ARC = YES;
				CLANG_ENABLE_OBJC_WEAK = YES;
				CLANG_WARN_BLOCK_CAPTURE_AUTORELEASING = YES;
				CLANG_WARN_BOOL_CONVERSION = YES;
				CLANG_WARN_COMMA = YES;
				CLANG_WARN_CONSTANT_CONVERSION = YES;
				CLANG_WARN_DEPRECATED_OBJC_IMPLEMENTATIONS = YES;
				CLANG_WARN_DIRECT_OBJC_ISA_USAGE = YES_ERROR;
				CLANG_WARN_DOCUMENTATION_COMMENTS = YES;
				CLANG_WARN_EMPTY_BODY = YES;
				CLANG_WARN_ENUM_CONVERSION = YES;
				CLANG_WARN_INFINITE_RECURSION = YES;
				CLANG_WARN_INT_CONVERSION = YES;
				CLANG_WARN_NON_LITERAL_NULL_CONVERSION = YES;
				CLANG_WARN_OBJC_IMPLICIT_RETAIN_SELF = YES;
				CLANG_WARN_OBJC_LITERAL_CONVERSION = YES;
				CLANG_WARN_OBJC_ROOT_CLASS = YES_ERROR;
				CLANG_WARN_QUOTED_INCLUDE_IN_FRAMEWORK_HEADER = YES;
				CLANG_WARN_RANGE_LOOP_ANALYSIS = YES;
				CLANG_WARN_STRICT_PROTOTYPES = YES;
				CLANG_WARN_SUSPICIOUS_MOVE = YES;
				CLANG_WARN_UNGUARDED_AVAILABILITY = YES_AGGRESSIVE;
				CLANG_WARN_UNREACHABLE_CODE = YES;
				CLANG_WARN__DUPLICATE_METHOD_MATCH = YES;
				COPY_PHASE_STRIP = NO;
				DEBUG_INFORMATION_FORMAT = "dwarf-with-dsym";
				ENABLE_NS_ASSERTIONS = NO;
				ENABLE_STRICT_OBJC_MSGSEND = YES;
				GCC_C_LANGUAGE_STANDARD = gnu11;
				GCC_NO_COMMON_BLOCKS = YES;
				GCC_WARN_64_TO_32_BIT_CONVERSION = YES;
				GCC_WARN_ABOUT_RETURN_TYPE = YES_ERROR;
				GCC_WARN_UNDECLARED_SELECTOR = YES;
				GCC_WARN_UNINITIALIZED_AUTOS = YES_AGGRESSIVE;
				GCC_WARN_UNUSED_FUNCTION = YES;
				GCC_WARN_UNUSED_VARIABLE = YES;
				IPHONEOS_DEPLOYMENT_TARGET = 16.4;
				MTL_ENABLE_DEBUG_INFO = NO;
				MTL_FAST_MATH = YES;
				SDKROOT = iphoneos;
				SWIFT_COMPILATION_MODE = wholemodule;
				SWIFT_OPTIMIZATION_LEVEL = "-O";
				VALIDATE_PRODUCT = YES;
			};
			name = Release;
		};
		AE1B170E2AA5FB51006563F1 /* Debug */ = {
			isa = XCBuildConfiguration;
			buildSettings = {
				ASSETCATALOG_COMPILER_APPICON_NAME = AppIcon;
				ASSETCATALOG_COMPILER_GLOBAL_ACCENT_COLOR_NAME = AccentColor;
				CODE_SIGN_STYLE = Automatic;
				CURRENT_PROJECT_VERSION = 1;
				DEVELOPMENT_ASSET_PATHS = "\"test/Preview Content\"";
				DEVELOPMENT_TEAM = D369V5G3FH;
				ENABLE_PREVIEWS = YES;
				GENERATE_INFOPLIST_FILE = YES;
				INFOPLIST_FILE = test/Info.plist;
				INFOPLIST_KEY_NSLocationWhenInUseUsageDescription = "This app needs permission to show location on map.";
				INFOPLIST_KEY_UIApplicationSceneManifest_Generation = YES;
				INFOPLIST_KEY_UIApplicationSupportsIndirectInputEvents = YES;
				INFOPLIST_KEY_UILaunchScreen_Generation = YES;
				INFOPLIST_KEY_UISupportedInterfaceOrientations_iPad = "UIInterfaceOrientationPortrait UIInterfaceOrientationPortraitUpsideDown UIInterfaceOrientationLandscapeLeft UIInterfaceOrientationLandscapeRight";
				INFOPLIST_KEY_UISupportedInterfaceOrientations_iPhone = "UIInterfaceOrientationPortrait UIInterfaceOrientationLandscapeLeft UIInterfaceOrientationLandscapeRight";
				IPHONEOS_DEPLOYMENT_TARGET = 17.0;
				LD_RUNPATH_SEARCH_PATHS = (
					"$(inherited)",
					"@executable_path/Frameworks",
				);
				MARKETING_VERSION = 1.0;
				PRODUCT_BUNDLE_IDENTIFIER = cemdedetas.test;
				PRODUCT_NAME = "$(TARGET_NAME)";
				SUPPORTED_PLATFORMS = "iphoneos iphonesimulator";
				SUPPORTS_MACCATALYST = NO;
				SUPPORTS_MAC_DESIGNED_FOR_IPHONE_IPAD = NO;
				SWIFT_EMIT_LOC_STRINGS = YES;
				SWIFT_VERSION = 5.0;
				TARGETED_DEVICE_FAMILY = 1;
			};
			name = Debug;
		};
		AE1B170F2AA5FB51006563F1 /* Release */ = {
			isa = XCBuildConfiguration;
			buildSettings = {
				ASSETCATALOG_COMPILER_APPICON_NAME = AppIcon;
				ASSETCATALOG_COMPILER_GLOBAL_ACCENT_COLOR_NAME = AccentColor;
				CODE_SIGN_STYLE = Automatic;
				CURRENT_PROJECT_VERSION = 1;
				DEVELOPMENT_ASSET_PATHS = "\"test/Preview Content\"";
				DEVELOPMENT_TEAM = D369V5G3FH;
				ENABLE_PREVIEWS = YES;
				GENERATE_INFOPLIST_FILE = YES;
				INFOPLIST_FILE = test/Info.plist;
				INFOPLIST_KEY_NSLocationWhenInUseUsageDescription = "This app needs permission to show location on map.";
				INFOPLIST_KEY_UIApplicationSceneManifest_Generation = YES;
				INFOPLIST_KEY_UIApplicationSupportsIndirectInputEvents = YES;
				INFOPLIST_KEY_UILaunchScreen_Generation = YES;
				INFOPLIST_KEY_UISupportedInterfaceOrientations_iPad = "UIInterfaceOrientationPortrait UIInterfaceOrientationPortraitUpsideDown UIInterfaceOrientationLandscapeLeft UIInterfaceOrientationLandscapeRight";
				INFOPLIST_KEY_UISupportedInterfaceOrientations_iPhone = "UIInterfaceOrientationPortrait UIInterfaceOrientationLandscapeLeft UIInterfaceOrientationLandscapeRight";
				IPHONEOS_DEPLOYMENT_TARGET = 17.0;
				LD_RUNPATH_SEARCH_PATHS = (
					"$(inherited)",
					"@executable_path/Frameworks",
				);
				MARKETING_VERSION = 1.0;
				PRODUCT_BUNDLE_IDENTIFIER = cemdedetas.test;
				PRODUCT_NAME = "$(TARGET_NAME)";
				SUPPORTED_PLATFORMS = "iphoneos iphonesimulator";
				SUPPORTS_MACCATALYST = NO;
				SUPPORTS_MAC_DESIGNED_FOR_IPHONE_IPAD = NO;
				SWIFT_EMIT_LOC_STRINGS = YES;
				SWIFT_VERSION = 5.0;
				TARGETED_DEVICE_FAMILY = 1;
			};
			name = Release;
		};
		AE1B17112AA5FB51006563F1 /* Debug */ = {
			isa = XCBuildConfiguration;
			buildSettings = {
				ALWAYS_EMBED_SWIFT_STANDARD_LIBRARIES = YES;
				BUNDLE_LOADER = "$(TEST_HOST)";
				CODE_SIGN_STYLE = Automatic;
				CURRENT_PROJECT_VERSION = 1;
				DEVELOPMENT_TEAM = D369V5G3FH;
				GENERATE_INFOPLIST_FILE = YES;
				IPHONEOS_DEPLOYMENT_TARGET = 16.4;
				MARKETING_VERSION = 1.0;
				PRODUCT_BUNDLE_IDENTIFIER = cemdedetas.testTests;
				PRODUCT_NAME = "$(TARGET_NAME)";
				SWIFT_EMIT_LOC_STRINGS = NO;
				SWIFT_VERSION = 5.0;
				TARGETED_DEVICE_FAMILY = "1,2";
				TEST_HOST = "$(BUILT_PRODUCTS_DIR)/test.app/$(BUNDLE_EXECUTABLE_FOLDER_PATH)/test";
			};
			name = Debug;
		};
		AE1B17122AA5FB51006563F1 /* Release */ = {
			isa = XCBuildConfiguration;
			buildSettings = {
				ALWAYS_EMBED_SWIFT_STANDARD_LIBRARIES = YES;
				BUNDLE_LOADER = "$(TEST_HOST)";
				CODE_SIGN_STYLE = Automatic;
				CURRENT_PROJECT_VERSION = 1;
				DEVELOPMENT_TEAM = D369V5G3FH;
				GENERATE_INFOPLIST_FILE = YES;
				IPHONEOS_DEPLOYMENT_TARGET = 16.4;
				MARKETING_VERSION = 1.0;
				PRODUCT_BUNDLE_IDENTIFIER = cemdedetas.testTests;
				PRODUCT_NAME = "$(TARGET_NAME)";
				SWIFT_EMIT_LOC_STRINGS = NO;
				SWIFT_VERSION = 5.0;
				TARGETED_DEVICE_FAMILY = "1,2";
				TEST_HOST = "$(BUILT_PRODUCTS_DIR)/test.app/$(BUNDLE_EXECUTABLE_FOLDER_PATH)/test";
			};
			name = Release;
		};
		AE1B17142AA5FB51006563F1 /* Debug */ = {
			isa = XCBuildConfiguration;
			buildSettings = {
				ALWAYS_EMBED_SWIFT_STANDARD_LIBRARIES = YES;
				CODE_SIGN_STYLE = Automatic;
				CURRENT_PROJECT_VERSION = 1;
				DEVELOPMENT_TEAM = D369V5G3FH;
				GENERATE_INFOPLIST_FILE = YES;
				MARKETING_VERSION = 1.0;
				PRODUCT_BUNDLE_IDENTIFIER = cemdedetas.testUITests;
				PRODUCT_NAME = "$(TARGET_NAME)";
				SWIFT_EMIT_LOC_STRINGS = NO;
				SWIFT_VERSION = 5.0;
				TARGETED_DEVICE_FAMILY = "1,2";
				TEST_TARGET_NAME = test;
			};
			name = Debug;
		};
		AE1B17152AA5FB51006563F1 /* Release */ = {
			isa = XCBuildConfiguration;
			buildSettings = {
				ALWAYS_EMBED_SWIFT_STANDARD_LIBRARIES = YES;
				CODE_SIGN_STYLE = Automatic;
				CURRENT_PROJECT_VERSION = 1;
				DEVELOPMENT_TEAM = D369V5G3FH;
				GENERATE_INFOPLIST_FILE = YES;
				MARKETING_VERSION = 1.0;
				PRODUCT_BUNDLE_IDENTIFIER = cemdedetas.testUITests;
				PRODUCT_NAME = "$(TARGET_NAME)";
				SWIFT_EMIT_LOC_STRINGS = NO;
				SWIFT_VERSION = 5.0;
				TARGETED_DEVICE_FAMILY = "1,2";
				TEST_TARGET_NAME = test;
			};
			name = Release;
		};
/* End XCBuildConfiguration section */

/* Begin XCConfigurationList section */
		AE1B16E42AA5FB50006563F1 /* Build configuration list for PBXProject "test" */ = {
			isa = XCConfigurationList;
			buildConfigurations = (
				AE1B170B2AA5FB51006563F1 /* Debug */,
				AE1B170C2AA5FB51006563F1 /* Release */,
			);
			defaultConfigurationIsVisible = 0;
			defaultConfigurationName = Release;
		};
		AE1B170D2AA5FB51006563F1 /* Build configuration list for PBXNativeTarget "test" */ = {
			isa = XCConfigurationList;
			buildConfigurations = (
				AE1B170E2AA5FB51006563F1 /* Debug */,
				AE1B170F2AA5FB51006563F1 /* Release */,
			);
			defaultConfigurationIsVisible = 0;
			defaultConfigurationName = Release;
		};
		AE1B17102AA5FB51006563F1 /* Build configuration list for PBXNativeTarget "testTests" */ = {
			isa = XCConfigurationList;
			buildConfigurations = (
				AE1B17112AA5FB51006563F1 /* Debug */,
				AE1B17122AA5FB51006563F1 /* Release */,
			);
			defaultConfigurationIsVisible = 0;
			defaultConfigurationName = Release;
		};
		AE1B17132AA5FB51006563F1 /* Build configuration list for PBXNativeTarget "testUITests" */ = {
			isa = XCConfigurationList;
			buildConfigurations = (
				AE1B17142AA5FB51006563F1 /* Debug */,
				AE1B17152AA5FB51006563F1 /* Release */,
			);
			defaultConfigurationIsVisible = 0;
			defaultConfigurationName = Release;
		};
/* End XCConfigurationList section */

/* Begin XCRemoteSwiftPackageReference section */
		AE23CD5D2ACEE4360012F50C /* XCRemoteSwiftPackageReference "iPhoneNumberField" */ = {
			isa = XCRemoteSwiftPackageReference;
			repositoryURL = "https://github.com/MojtabaHs/iPhoneNumberField.git";
			requirement = {
				kind = upToNextMajorVersion;
				minimumVersion = 0.10.1;
			};
		};
		AE7474792AB9C32A00845729 /* XCRemoteSwiftPackageReference "firebase-ios-sdk" */ = {
			isa = XCRemoteSwiftPackageReference;
			repositoryURL = "https://github.com/firebase/firebase-ios-sdk";
			requirement = {
				kind = upToNextMajorVersion;
				minimumVersion = 10.0.0;
			};
		};
/* End XCRemoteSwiftPackageReference section */

/* Begin XCSwiftPackageProductDependency section */
		AE23CD5E2ACEE4360012F50C /* iPhoneNumberField */ = {
			isa = XCSwiftPackageProductDependency;
			package = AE23CD5D2ACEE4360012F50C /* XCRemoteSwiftPackageReference "iPhoneNumberField" */;
			productName = iPhoneNumberField;
		};
		AE74747A2AB9C32A00845729 /* FirebaseAnalyticsWithoutAdIdSupport */ = {
			isa = XCSwiftPackageProductDependency;
			package = AE7474792AB9C32A00845729 /* XCRemoteSwiftPackageReference "firebase-ios-sdk" */;
			productName = FirebaseAnalyticsWithoutAdIdSupport;
		};
		AE74747C2AB9C32A00845729 /* FirebaseAuth */ = {
			isa = XCSwiftPackageProductDependency;
			package = AE7474792AB9C32A00845729 /* XCRemoteSwiftPackageReference "firebase-ios-sdk" */;
			productName = FirebaseAuth;
		};
		AE74747E2AB9C32A00845729 /* FirebaseFirestore */ = {
			isa = XCSwiftPackageProductDependency;
			package = AE7474792AB9C32A00845729 /* XCRemoteSwiftPackageReference "firebase-ios-sdk" */;
			productName = FirebaseFirestore;
		};
		AE7474802AB9C32A00845729 /* FirebaseFirestoreSwift */ = {
			isa = XCSwiftPackageProductDependency;
			package = AE7474792AB9C32A00845729 /* XCRemoteSwiftPackageReference "firebase-ios-sdk" */;
			productName = FirebaseFirestoreSwift;
		};
/* End XCSwiftPackageProductDependency section */
	};
	rootObject = AE1B16E12AA5FB50006563F1 /* Project object */;
}
